
Microsoft Visual Studio Solution File, Format Version 12.00
# Visual Studio Version 17
VisualStudioVersion = 17.5.002.0
MinimumVisualStudioVersion = 10.0.40219.1
Project("{9A19103F-16F7-4668-BE54-9A1E7A4F7556}") = "Task1", "Task1\Task1.csproj", "{FDA4F7DD-F4D4-4BD1-8030-2350BEBF3BBF}"
EndProject
Global
	GlobalSection(SolutionConfigurationPlatforms) = preSolution
		Debug|Any CPU = Debug|Any CPU
		Release|Any CPU = Release|Any CPU
	EndGlobalSection
	GlobalSection(ProjectConfigurationPlatforms) = postSolution
		{FDA4F7DD-F4D4-4BD1-8030-2350BEBF3BBF}.Debug|Any CPU.ActiveCfg = Debug|Any CPU
		{FDA4F7DD-F4D4-4BD1-8030-2350BEBF3BBF}.Debug|Any CPU.Build.0 = Debug|Any CPU
		{FDA4F7DD-F4D4-4BD1-8030-2350BEBF3BBF}.Release|Any CPU.ActiveCfg = Release|Any CPU
		{FDA4F7DD-F4D4-4BD1-8030-2350BEBF3BBF}.Release|Any CPU.Build.0 = Release|Any CPU
	EndGlobalSection
	GlobalSection(SolutionProperties) = preSolution
		HideSolutionNode = FALSE
	EndGlobalSection
	GlobalSection(ExtensibilityGlobals) = postSolution
		SolutionGuid = {DEC6CCAF-658C-4DF0-AF48-3D4927B0E001}
	EndGlobalSection
EndGlobal
