
Microsoft Visual Studio Solution File, Format Version 12.00
# Visual Studio Version 17
VisualStudioVersion = 17.5.002.0
MinimumVisualStudioVersion = 10.0.40219.1
Project("{9A19103F-16F7-4668-BE54-9A1E7A4F7556}") = "teoretic", "teoretic\teoretic.csproj", "{D0983400-82A9-4DF6-A7A3-42EB8FFA072E}"
EndProject
Global
	GlobalSection(SolutionConfigurationPlatforms) = preSolution
		Debug|Any CPU = Debug|Any CPU
		Release|Any CPU = Release|Any CPU
	EndGlobalSection
	GlobalSection(ProjectConfigurationPlatforms) = postSolution
		{D0983400-82A9-4DF6-A7A3-42EB8FFA072E}.Debug|Any CPU.ActiveCfg = Debug|Any CPU
		{D0983400-82A9-4DF6-A7A3-42EB8FFA072E}.Debug|Any CPU.Build.0 = Debug|Any CPU
		{D0983400-82A9-4DF6-A7A3-42EB8FFA072E}.Release|Any CPU.ActiveCfg = Release|Any CPU
		{D0983400-82A9-4DF6-A7A3-42EB8FFA072E}.Release|Any CPU.Build.0 = Release|Any CPU
	EndGlobalSection
	GlobalSection(SolutionProperties) = preSolution
		HideSolutionNode = FALSE
	EndGlobalSection
	GlobalSection(ExtensibilityGlobals) = postSolution
		SolutionGuid = {4D534FDF-C3D6-4794-B5E2-F02714F14EAE}
	EndGlobalSection
EndGlobal
